// !$*UTF8*$!
{
	archiveVersion = 1;
	classes = {
	};
	objectVersion = 48;
	objects = {

/* Begin PBXBuildFile section */
		5E5243F91FF8B58E009A86DB /* AppDelegate.swift in Sources */ = {isa = PBXBuildFile; fileRef = 5E5243F81FF8B58E009A86DB /* AppDelegate.swift */; };
		5E5243FB1FF8B58E009A86DB /* ViewController.swift in Sources */ = {isa = PBXBuildFile; fileRef = 5E5243FA1FF8B58E009A86DB /* ViewController.swift */; };
		5E5243FE1FF8B58E009A86DB /* Main.storyboard in Resources */ = {isa = PBXBuildFile; fileRef = 5E5243FC1FF8B58E009A86DB /* Main.storyboard */; };
		5E5244001FF8B58E009A86DB /* Assets.xcassets in Resources */ = {isa = PBXBuildFile; fileRef = 5E5243FF1FF8B58E009A86DB /* Assets.xcassets */; };
		5E5244031FF8B58E009A86DB /* LaunchScreen.storyboard in Resources */ = {isa = PBXBuildFile; fileRef = 5E5244011FF8B58E009A86DB /* LaunchScreen.storyboard */; };
		5E52440E1FF8B58F009A86DB /* Math_Calculations_Tests.swift in Sources */ = {isa = PBXBuildFile; fileRef = 5E52440D1FF8B58F009A86DB /* Math_Calculations_Tests.swift */; };
/* End PBXBuildFile section */

/* Begin PBXContainerItemProxy section */
		5E52440A1FF8B58F009A86DB /* PBXContainerItemProxy */ = {
			isa = PBXContainerItemProxy;
			containerPortal = 5E5243ED1FF8B58C009A86DB /* Project object */;
			proxyType = 1;
			remoteGlobalIDString = 5E5243F41FF8B58C009A86DB;
			remoteInfo = "Math Calculations!";
		};
/* End PBXContainerItemProxy section */

/* Begin PBXFileReference section */
		5E5243F51FF8B58D009A86DB /* Math Calculations!.app */ = {isa = PBXFileReference; explicitFileType = wrapper.application; includeInIndex = 0; path = "Math Calculations!.app"; sourceTree = BUILT_PRODUCTS_DIR; };
		5E5243F81FF8B58E009A86DB /* AppDelegate.swift */ = {isa = PBXFileReference; lastKnownFileType = sourcecode.swift; path = AppDelegate.swift; sourceTree = "<group>"; };
		5E5243FA1FF8B58E009A86DB /* ViewController.swift */ = {isa = PBXFileReference; lastKnownFileType = sourcecode.swift; path = ViewController.swift; sourceTree = "<group>"; };
		5E5243FD1FF8B58E009A86DB /* Base */ = {isa = PBXFileReference; lastKnownFileType = file.storyboard; name = Base; path = Base.lproj/Main.storyboard; sourceTree = "<group>"; };
		5E5243FF1FF8B58E009A86DB /* Assets.xcassets */ = {isa = PBXFileReference; lastKnownFileType = folder.assetcatalog; path = Assets.xcassets; sourceTree = "<group>"; };
		5E5244021FF8B58E009A86DB /* Base */ = {isa = PBXFileReference; lastKnownFileType = file.storyboard; name = Base; path = Base.lproj/LaunchScreen.storyboard; sourceTree = "<group>"; };
		5E5244041FF8B58E009A86DB /* Info.plist */ = {isa = PBXFileReference; lastKnownFileType = text.plist.xml; path = Info.plist; sourceTree = "<group>"; };
		5E5244091FF8B58F009A86DB /* Math Calculations!Tests.xctest */ = {isa = PBXFileReference; explicitFileType = wrapper.cfbundle; includeInIndex = 0; path = "Math Calculations!Tests.xctest"; sourceTree = BUILT_PRODUCTS_DIR; };
		5E52440D1FF8B58F009A86DB /* Math_Calculations_Tests.swift */ = {isa = PBXFileReference; lastKnownFileType = sourcecode.swift; path = Math_Calculations_Tests.swift; sourceTree = "<group>"; };
		5E52440F1FF8B58F009A86DB /* Info.plist */ = {isa = PBXFileReference; lastKnownFileType = text.plist.xml; path = Info.plist; sourceTree = "<group>"; };
/* End PBXFileReference section */

/* Begin PBXFrameworksBuildPhase section */
		5E5243F21FF8B58C009A86DB /* Frameworks */ = {
			isa = PBXFrameworksBuildPhase;
			buildActionMask = 2147483647;
			files = (
			);
			runOnlyForDeploymentPostprocessing = 0;
		};
		5E5244061FF8B58F009A86DB /* Frameworks */ = {
			isa = PBXFrameworksBuildPhase;
			buildActionMask = 2147483647;
			files = (
			);
			runOnlyForDeploymentPostprocessing = 0;
		};
/* End PBXFrameworksBuildPhase section */

/* Begin PBXGroup section */
		5E5243EC1FF8B58B009A86DB = {
			isa = PBXGroup;
			children = (
				5E5243F71FF8B58D009A86DB /* Math Calculations! */,
				5E52440C1FF8B58F009A86DB /* Math Calculations!Tests */,
				5E5243F61FF8B58D009A86DB /* Products */,
			);
			sourceTree = "<group>";
		};
		5E5243F61FF8B58D009A86DB /* Products */ = {
			isa = PBXGroup;
			children = (
				5E5243F51FF8B58D009A86DB /* Math Calculations!.app */,
				5E5244091FF8B58F009A86DB /* Math Calculations!Tests.xctest */,
			);
			name = Products;
			sourceTree = "<group>";
		};
		5E5243F71FF8B58D009A86DB /* Math Calculations! */ = {
			isa = PBXGroup;
			children = (
				5E5243F81FF8B58E009A86DB /* AppDelegate.swift */,
				5E5243FA1FF8B58E009A86DB /* ViewController.swift */,
				5E5243FC1FF8B58E009A86DB /* Main.storyboard */,
				5E5243FF1FF8B58E009A86DB /* Assets.xcassets */,
				5E5244011FF8B58E009A86DB /* LaunchScreen.storyboard */,
				5E5244041FF8B58E009A86DB /* Info.plist */,
			);
			path = "Math Calculations!";
			sourceTree = "<group>";
		};
		5E52440C1FF8B58F009A86DB /* Math Calculations!Tests */ = {
			isa = PBXGroup;
			children = (
				5E52440D1FF8B58F009A86DB /* Math_Calculations_Tests.swift */,
				5E52440F1FF8B58F009A86DB /* Info.plist */,
			);
			path = "Math Calculations!Tests";
			sourceTree = "<group>";
		};
/* End PBXGroup section */

/* Begin PBXNativeTarget section */
		5E5243F41FF8B58C009A86DB /* Math Calculations! */ = {
			isa = PBXNativeTarget;
			buildConfigurationList = 5E5244121FF8B58F009A86DB /* Build configuration list for PBXNativeTarget "Math Calculations!" */;
			buildPhases = (
				5E5243F11FF8B58C009A86DB /* Sources */,
				5E5243F21FF8B58C009A86DB /* Frameworks */,
				5E5243F31FF8B58C009A86DB /* Resources */,
			);
			buildRules = (
			);
			dependencies = (
			);
			name = "Math Calculations!";
			productName = "Math Calculations!";
			productReference = 5E5243F51FF8B58D009A86DB /* Math Calculations!.app */;
			productType = "com.apple.product-type.application";
		};
		5E5244081FF8B58F009A86DB /* Math Calculations!Tests */ = {
			isa = PBXNativeTarget;
			buildConfigurationList = 5E5244151FF8B58F009A86DB /* Build configuration list for PBXNativeTarget "Math Calculations!Tests" */;
			buildPhases = (
				5E5244051FF8B58F009A86DB /* Sources */,
				5E5244061FF8B58F009A86DB /* Frameworks */,
				5E5244071FF8B58F009A86DB /* Resources */,
			);
			buildRules = (
			);
			dependencies = (
				5E52440B1FF8B58F009A86DB /* PBXTargetDependency */,
			);
			name = "Math Calculations!Tests";
			productName = "Math Calculations!Tests";
			productReference = 5E5244091FF8B58F009A86DB /* Math Calculations!Tests.xctest */;
			productType = "com.apple.product-type.bundle.unit-test";
		};
/* End PBXNativeTarget section */

/* Begin PBXProject section */
		5E5243ED1FF8B58C009A86DB /* Project object */ = {
			isa = PBXProject;
			attributes = {
				LastSwiftUpdateCheck = 0920;
				LastUpgradeCheck = 0920;
				ORGANIZATIONNAME = "Myat Thuzar Kyaw";
				TargetAttributes = {
					5E5243F41FF8B58C009A86DB = {
						CreatedOnToolsVersion = 9.2;
						ProvisioningStyle = Automatic;
					};
					5E5244081FF8B58F009A86DB = {
						CreatedOnToolsVersion = 9.2;
						ProvisioningStyle = Automatic;
						TestTargetID = 5E5243F41FF8B58C009A86DB;
					};
				};
			};
			buildConfigurationList = 5E5243F01FF8B58C009A86DB /* Build configuration list for PBXProject "Math Calculations!" */;
			compatibilityVersion = "Xcode 8.0";
			developmentRegion = en;
			hasScannedForEncodings = 0;
			knownRegions = (
				en,
				Base,
			);
			mainGroup = 5E5243EC1FF8B58B009A86DB;
			productRefGroup = 5E5243F61FF8B58D009A86DB /* Products */;
			projectDirPath = "";
			projectRoot = "";
			targets = (
				5E5243F41FF8B58C009A86DB /* Math Calculations! */,
				5E5244081FF8B58F009A86DB /* Math Calculations!Tests */,
			);
		};
/* End PBXProject section */

/* Begin PBXResourcesBuildPhase section */
		5E5243F31FF8B58C009A86DB /* Resources */ = {
			isa = PBXResourcesBuildPhase;
			buildActionMask = 2147483647;
			files = (
				5E5244031FF8B58E009A86DB /* LaunchScreen.storyboard in Resources */,
				5E5244001FF8B58E009A86DB /* Assets.xcassets in Resources */,
				5E5243FE1FF8B58E009A86DB /* Main.storyboard in Resources */,
			);
			runOnlyForDeploymentPostprocessing = 0;
		};
		5E5244071FF8B58F009A86DB /* Resources */ = {
			isa = PBXResourcesBuildPhase;
			buildActionMask = 2147483647;
			files = (
			);
			runOnlyForDeploymentPostprocessing = 0;
		};
/* End PBXResourcesBuildPhase section */

/* Begin PBXSourcesBuildPhase section */
		5E5243F11FF8B58C009A86DB /* Sources */ = {
			isa = PBXSourcesBuildPhase;
			buildActionMask = 2147483647;
			files = (
				5E5243FB1FF8B58E009A86DB /* ViewController.swift in Sources */,
				5E5243F91FF8B58E009A86DB /* AppDelegate.swift in Sources */,
			);
			runOnlyForDeploymentPostprocessing = 0;
		};
		5E5244051FF8B58F009A86DB /* Sources */ = {
			isa = PBXSourcesBuildPhase;
			buildActionMask = 2147483647;
			files = (
				5E52440E1FF8B58F009A86DB /* Math_Calculations_Tests.swift in Sources */,
			);
			runOnlyForDeploymentPostprocessing = 0;
		};
/* End PBXSourcesBuildPhase section */

/* Begin PBXTargetDependency section */
		5E52440B1FF8B58F009A86DB /* PBXTargetDependency */ = {
			isa = PBXTargetDependency;
			target = 5E5243F41FF8B58C009A86DB /* Math Calculations! */;
			targetProxy = 5E52440A1FF8B58F009A86DB /* PBXContainerItemProxy */;
		};
/* End PBXTargetDependency section */

/* Begin PBXVariantGroup section */
		5E5243FC1FF8B58E009A86DB /* Main.storyboard */ = {
			isa = PBXVariantGroup;
			children = (
				5E5243FD1FF8B58E009A86DB /* Base */,
			);
			name = Main.storyboard;
			sourceTree = "<group>";
		};
		5E5244011FF8B58E009A86DB /* LaunchScreen.storyboard */ = {
			isa = PBXVariantGroup;
			children = (
				5E5244021FF8B58E009A86DB /* Base */,
			);
			name = LaunchScreen.storyboard;
			sourceTree = "<group>";
		};
/* End PBXVariantGroup section */

/* Begin XCBuildConfiguration section */
		5E5244101FF8B58F009A86DB /* Debug */ = {
			isa = XCBuildConfiguration;
			buildSettings = {
				ALWAYS_SEARCH_USER_PATHS = NO;
				CLANG_ANALYZER_NONNULL = YES;
				CLANG_ANALYZER_NUMBER_OBJECT_CONVERSION = YES_AGGRESSIVE;
				CLANG_CXX_LANGUAGE_STANDARD = "gnu++14";
				CLANG_CXX_LIBRARY = "libc++";
				CLANG_ENABLE_MODULES = YES;
				CLANG_ENABLE_OBJC_ARC = YES;
				CLANG_WARN_BLOCK_CAPTURE_AUTORELEASING = YES;
				CLANG_WARN_BOOL_CONVERSION = YES;
				CLANG_WARN_COMMA = YES;
				CLANG_WARN_CONSTANT_CONVERSION = YES;
				CLANG_WARN_DIRECT_OBJC_ISA_USAGE = YES_ERROR;
				CLANG_WARN_DOCUMENTATION_COMMENTS = YES;
				CLANG_WARN_EMPTY_BODY = YES;
				CLANG_WARN_ENUM_CONVERSION = YES;
				CLANG_WARN_INFINITE_RECURSION = YES;
				CLANG_WARN_INT_CONVERSION = YES;
				CLANG_WARN_NON_LITERAL_NULL_CONVERSION = YES;
				CLANG_WARN_OBJC_LITERAL_CONVERSION = YES;
				CLANG_WARN_OBJC_ROOT_CLASS = YES_ERROR;
				CLANG_WARN_RANGE_LOOP_ANALYSIS = YES;
				CLANG_WARN_STRICT_PROTOTYPES = YES;
				CLANG_WARN_SUSPICIOUS_MOVE = YES;
				CLANG_WARN_UNGUARDED_AVAILABILITY = YES_AGGRESSIVE;
				CLANG_WARN_UNREACHABLE_CODE = YES;
				CLANG_WARN__DUPLICATE_METHOD_MATCH = YES;
				CODE_SIGN_IDENTITY = "iPhone Developer";
				COPY_PHASE_STRIP = NO;
				DEBUG_INFORMATION_FORMAT = dwarf;
				ENABLE_STRICT_OBJC_MSGSEND = YES;
				ENABLE_TESTABILITY = YES;
				GCC_C_LANGUAGE_STANDARD = gnu11;
				GCC_DYNAMIC_NO_PIC = NO;
				GCC_NO_COMMON_BLOCKS = YES;
				GCC_OPTIMIZATION_LEVEL = 0;
				GCC_PREPROCESSOR_DEFINITIONS = (
					"DEBUG=1",
					"$(inherited)",
				);
				GCC_WARN_64_TO_32_BIT_CONVERSION = YES;
				GCC_WARN_ABOUT_RETURN_TYPE = YES_ERROR;
				GCC_WARN_UNDECLARED_SELECTOR = YES;
				GCC_WARN_UNINITIALIZED_AUTOS = YES_AGGRESSIVE;
				GCC_WARN_UNUSED_FUNCTION = YES;
				GCC_WARN_UNUSED_VARIABLE = YES;
				IPHONEOS_DEPLOYMENT_TARGET = 11.2;
				MTL_ENABLE_DEBUG_INFO = YES;
				ONLY_ACTIVE_ARCH = YES;
				SDKROOT = iphoneos;
				SWIFT_ACTIVE_COMPILATION_CONDITIONS = DEBUG;
				SWIFT_OPTIMIZATION_LEVEL = "-Onone";
			};
			name = Debug;
		};
		5E5244111FF8B58F009A86DB /* Release */ = {
			isa = XCBuildConfiguration;
			buildSettings = {
				ALWAYS_SEARCH_USER_PATHS = NO;
				CLANG_ANALYZER_NONNULL = YES;
				CLANG_ANALYZER_NUMBER_OBJECT_CONVERSION = YES_AGGRESSIVE;
				CLANG_CXX_LANGUAGE_STANDARD = "gnu++14";
				CLANG_CXX_LIBRARY = "libc++";
				CLANG_ENABLE_MODULES = YES;
				CLANG_ENABLE_OBJC_ARC = YES;
				CLANG_WARN_BLOCK_CAPTURE_AUTORELEASING = YES;
				CLANG_WARN_BOOL_CONVERSION = YES;
				CLANG_WARN_COMMA = YES;
				CLANG_WARN_CONSTANT_CONVERSION = YES;
				CLANG_WARN_DIRECT_OBJC_ISA_USAGE = YES_ERROR;
				CLANG_WARN_DOCUMENTATION_COMMENTS = YES;
				CLANG_WARN_EMPTY_BODY = YES;
				CLANG_WARN_ENUM_CONVERSION = YES;
				CLANG_WARN_INFINITE_RECURSION = YES;
				CLANG_WARN_INT_CONVERSION = YES;
				CLANG_WARN_NON_LITERAL_NULL_CONVERSION = YES;
				CLANG_WARN_OBJC_LITERAL_CONVERSION = YES;
				CLANG_WARN_OBJC_ROOT_CLASS = YES_ERROR;
				CLANG_WARN_RANGE_LOOP_ANALYSIS = YES;
				CLANG_WARN_STRICT_PROTOTYPES = YES;
				CLANG_WARN_SUSPICIOUS_MOVE = YES;
				CLANG_WARN_UNGUARDED_AVAILABILITY = YES_AGGRESSIVE;
				CLANG_WARN_UNREACHABLE_CODE = YES;
				CLANG_WARN__DUPLICATE_METHOD_MATCH = YES;
				CODE_SIGN_IDENTITY = "iPhone Developer";
				COPY_PHASE_STRIP = NO;
				DEBUG_INFORMATION_FORMAT = "dwarf-with-dsym";
				ENABLE_NS_ASSERTIONS = NO;
				ENABLE_STRICT_OBJC_MSGSEND = YES;
				GCC_C_LANGUAGE_STANDARD = gnu11;
				GCC_NO_COMMON_BLOCKS = YES;
				GCC_WARN_64_TO_32_BIT_CONVERSION = YES;
				GCC_WARN_ABOUT_RETURN_TYPE = YES_ERROR;
				GCC_WARN_UNDECLARED_SELECTOR = YES;
				GCC_WARN_UNINITIALIZED_AUTOS = YES_AGGRESSIVE;
				GCC_WARN_UNUSED_FUNCTION = YES;
				GCC_WARN_UNUSED_VARIABLE = YES;
				IPHONEOS_DEPLOYMENT_TARGET = 11.2;
				MTL_ENABLE_DEBUG_INFO = NO;
				SDKROOT = iphoneos;
				SWIFT_OPTIMIZATION_LEVEL = "-Owholemodule";
				VALIDATE_PRODUCT = YES;
			};
			name = Release;
		};
		5E5244131FF8B58F009A86DB /* Debug */ = {
			isa = XCBuildConfiguration;
			buildSettings = {
				ASSETCATALOG_COMPILER_APPICON_NAME = AppIcon;
				CODE_SIGN_STYLE = Automatic;
				DEVELOPMENT_TEAM = ZAUKEBAZ73;
				INFOPLIST_FILE = "Math Calculations!/Info.plist";
				LD_RUNPATH_SEARCH_PATHS = "$(inherited) @executable_path/Frameworks";
				PRODUCT_BUNDLE_IDENTIFIER = "com.myatthuzarkyaw.Math-Calculations-";
				PRODUCT_NAME = "$(TARGET_NAME)";
				SWIFT_VERSION = 4.0;
				TARGETED_DEVICE_FAMILY = "1,2";
			};
			name = Debug;
		};
		5E5244141FF8B58F009A86DB /* Release */ = {
			isa = XCBuildConfiguration;
			buildSettings = {
				ASSETCATALOG_COMPILER_APPICON_NAME = AppIcon;
				CODE_SIGN_STYLE = Automatic;
				DEVELOPMENT_TEAM = ZAUKEBAZ73;
				INFOPLIST_FILE = "Math Calculations!/Info.plist";
				LD_RUNPATH_SEARCH_PATHS = "$(inherited) @executable_path/Frameworks";
				PRODUCT_BUNDLE_IDENTIFIER = "com.myatthuzarkyaw.Math-Calculations-";
				PRODUCT_NAME = "$(TARGET_NAME)";
				SWIFT_VERSION = 4.0;
				TARGETED_DEVICE_FAMILY = "1,2";
			};
			name = Release;
		};
		5E5244161FF8B58F009A86DB /* Debug */ = {
			isa = XCBuildConfiguration;
			buildSettings = {
				ALWAYS_EMBED_SWIFT_STANDARD_LIBRARIES = YES;
				BUNDLE_LOADER = "$(TEST_HOST)";
				CODE_SIGN_STYLE = Automatic;
				DEVELOPMENT_TEAM = ZAUKEBAZ73;
				INFOPLIST_FILE = "Math Calculations!Tests/Info.plist";
				LD_RUNPATH_SEARCH_PATHS = "$(inherited) @executable_path/Frameworks @loader_path/Frameworks";
				PRODUCT_BUNDLE_IDENTIFIER = "com.myatthuzarkyaw.Math-Calculations-Tests";
				PRODUCT_NAME = "$(TARGET_NAME)";
				SWIFT_VERSION = 4.0;
				TARGETED_DEVICE_FAMILY = "1,2";
				TEST_HOST = "$(BUILT_PRODUCTS_DIR)/Math Calculations!.app/Math Calculations!";
			};
			name = Debug;
		};
		5E5244171FF8B58F009A86DB /* Release */ = {
			isa = XCBuildConfiguration;
			buildSettings = {
				ALWAYS_EMBED_SWIFT_STANDARD_LIBRARIES = YES;
				BUNDLE_LOADER = "$(TEST_HOST)";
				CODE_SIGN_STYLE = Automatic;
				DEVELOPMENT_TEAM = ZAUKEBAZ73;
				INFOPLIST_FILE = "Math Calculations!Tests/Info.plist";
				LD_RUNPATH_SEARCH_PATHS = "$(inherited) @executable_path/Frameworks @loader_path/Frameworks";
				PRODUCT_BUNDLE_IDENTIFIER = "com.myatthuzarkyaw.Math-Calculations-Tests";
				PRODUCT_NAME = "$(TARGET_NAME)";
				SWIFT_VERSION = 4.0;
				TARGETED_DEVICE_FAMILY = "1,2";
				TEST_HOST = "$(BUILT_PRODUCTS_DIR)/Math Calculations!.app/Math Calculations!";
			};
			name = Release;
		};
/* End XCBuildConfiguration section */

/* Begin XCConfigurationList section */
		5E5243F01FF8B58C009A86DB /* Build configuration list for PBXProject "Math Calculations!" */ = {
			isa = XCConfigurationList;
			buildConfigurations = (
				5E5244101FF8B58F009A86DB /* Debug */,
				5E5244111FF8B58F009A86DB /* Release */,
			);
			defaultConfigurationIsVisible = 0;
			defaultConfigurationName = Release;
		};
		5E5244121FF8B58F009A86DB /* Build configuration list for PBXNativeTarget "Math Calculations!" */ = {
			isa = XCConfigurationList;
			buildConfigurations = (
				5E5244131FF8B58F009A86DB /* Debug */,
				5E5244141FF8B58F009A86DB /* Release */,
			);
			defaultConfigurationIsVisible = 0;
			defaultConfigurationName = Release;
		};
		5E5244151FF8B58F009A86DB /* Build configuration list for PBXNativeTarget "Math Calculations!Tests" */ = {
			isa = XCConfigurationList;
			buildConfigurations = (
				5E5244161FF8B58F009A86DB /* Debug */,
				5E5244171FF8B58F009A86DB /* Release */,
			);
			defaultConfigurationIsVisible = 0;
			defaultConfigurationName = Release;
		};
/* End XCConfigurationList section */
	};
	rootObject = 5E5243ED1FF8B58C009A86DB /* Project object */;
}
